// !$*UTF8*$!
{
	archiveVersion = 1;
	classes = {
	};
	objectVersion = 46;
	objects = {

/* Begin PBXBuildFile section */
		00D9FDF11BE512360099E247 /* MapKit.framework in Frameworks */ = {isa = PBXBuildFile; fileRef = 00D9FDF01BE512360099E247 /* MapKit.framework */; };
		00D9FDF31BE512600099E247 /* CoreLocation.framework in Frameworks */ = {isa = PBXBuildFile; fileRef = 00D9FDF21BE512600099E247 /* CoreLocation.framework */; };
		290E03881BE4FECB00E544B7 /* main.m in Sources */ = {isa = PBXBuildFile; fileRef = 290E03871BE4FECB00E544B7 /* main.m */; };
		290E038B1BE4FECB00E544B7 /* AppDelegate.m in Sources */ = {isa = PBXBuildFile; fileRef = 290E038A1BE4FECB00E544B7 /* AppDelegate.m */; };
		290E03911BE4FECB00E544B7 /* Main.storyboard in Resources */ = {isa = PBXBuildFile; fileRef = 290E038F1BE4FECB00E544B7 /* Main.storyboard */; };
		290E03931BE4FECB00E544B7 /* Assets.xcassets in Resources */ = {isa = PBXBuildFile; fileRef = 290E03921BE4FECB00E544B7 /* Assets.xcassets */; };
		290E03961BE4FECB00E544B7 /* LaunchScreen.storyboard in Resources */ = {isa = PBXBuildFile; fileRef = 290E03941BE4FECB00E544B7 /* LaunchScreen.storyboard */; };
		290E03A11BE4FECC00E544B7 /* CodeOwlAppTests.m in Sources */ = {isa = PBXBuildFile; fileRef = 290E03A01BE4FECC00E544B7 /* CodeOwlAppTests.m */; };
		290E03AC1BE4FECC00E544B7 /* CodeOwlAppUITests.m in Sources */ = {isa = PBXBuildFile; fileRef = 290E03AB1BE4FECC00E544B7 /* CodeOwlAppUITests.m */; };
		290E03BB1BE506DA00E544B7 /* COLoginViewController.m in Sources */ = {isa = PBXBuildFile; fileRef = 290E03BA1BE506DA00E544B7 /* COLoginViewController.m */; };
		290E03BE1BE506FD00E544B7 /* COMyProfileViewController.m in Sources */ = {isa = PBXBuildFile; fileRef = 290E03BD1BE506FD00E544B7 /* COMyProfileViewController.m */; };
		290E03C11BE5070F00E544B7 /* COProfileSettingsViewController.m in Sources */ = {isa = PBXBuildFile; fileRef = 290E03C01BE5070F00E544B7 /* COProfileSettingsViewController.m */; };
		290E03C41BE5076A00E544B7 /* COMapViewController.m in Sources */ = {isa = PBXBuildFile; fileRef = 290E03C31BE5076A00E544B7 /* COMapViewController.m */; };
		290E03C71BE5078F00E544B7 /* COOtherUserProfileViewController.m in Sources */ = {isa = PBXBuildFile; fileRef = 290E03C61BE5078F00E544B7 /* COOtherUserProfileViewController.m */; };
		290E03CA1BE507D000E544B7 /* COAllMessagesTableViewController.m in Sources */ = {isa = PBXBuildFile; fileRef = 290E03C91BE507D000E544B7 /* COAllMessagesTableViewController.m */; };
		290E03CD1BE507F200E544B7 /* COChatViewController.m in Sources */ = {isa = PBXBuildFile; fileRef = 290E03CC1BE507F200E544B7 /* COChatViewController.m */; };
		290E03D01BE5166B00E544B7 /* COUser.m in Sources */ = {isa = PBXBuildFile; fileRef = 290E03CF1BE5166B00E544B7 /* COUser.m */; };
		292282001BE5AD8800658C97 /* COTabBarController.m in Sources */ = {isa = PBXBuildFile; fileRef = 292281FF1BE5AD8800658C97 /* COTabBarController.m */; };
		7D6928B7F56D450BC9E41A3E /* libPods.a in Frameworks */ = {isa = PBXBuildFile; fileRef = D733C1BAFEF69C98B4B55512 /* libPods.a */; };
/* End PBXBuildFile section */

/* Begin PBXContainerItemProxy section */
		290E039D1BE4FECB00E544B7 /* PBXContainerItemProxy */ = {
			isa = PBXContainerItemProxy;
			containerPortal = 290E037B1BE4FECB00E544B7 /* Project object */;
			proxyType = 1;
			remoteGlobalIDString = 290E03821BE4FECB00E544B7;
			remoteInfo = CodeOwlApp;
		};
		290E03A81BE4FECC00E544B7 /* PBXContainerItemProxy */ = {
			isa = PBXContainerItemProxy;
			containerPortal = 290E037B1BE4FECB00E544B7 /* Project object */;
			proxyType = 1;
			remoteGlobalIDString = 290E03821BE4FECB00E544B7;
			remoteInfo = CodeOwlApp;
		};
/* End PBXContainerItemProxy section */

/* Begin PBXFileReference section */
		00D9FDF01BE512360099E247 /* MapKit.framework */ = {isa = PBXFileReference; lastKnownFileType = wrapper.framework; name = MapKit.framework; path = System/Library/Frameworks/MapKit.framework; sourceTree = SDKROOT; };
		00D9FDF21BE512600099E247 /* CoreLocation.framework */ = {isa = PBXFileReference; lastKnownFileType = wrapper.framework; name = CoreLocation.framework; path = System/Library/Frameworks/CoreLocation.framework; sourceTree = SDKROOT; };
		290E03831BE4FECB00E544B7 /* CodeOwlApp.app */ = {isa = PBXFileReference; explicitFileType = wrapper.application; includeInIndex = 0; path = CodeOwlApp.app; sourceTree = BUILT_PRODUCTS_DIR; };
		290E03871BE4FECB00E544B7 /* main.m */ = {isa = PBXFileReference; lastKnownFileType = sourcecode.c.objc; path = main.m; sourceTree = "<group>"; };
		290E03891BE4FECB00E544B7 /* AppDelegate.h */ = {isa = PBXFileReference; lastKnownFileType = sourcecode.c.h; path = AppDelegate.h; sourceTree = "<group>"; };
		290E038A1BE4FECB00E544B7 /* AppDelegate.m */ = {isa = PBXFileReference; lastKnownFileType = sourcecode.c.objc; path = AppDelegate.m; sourceTree = "<group>"; };
		290E03901BE4FECB00E544B7 /* Base */ = {isa = PBXFileReference; lastKnownFileType = file.storyboard; name = Base; path = Base.lproj/Main.storyboard; sourceTree = "<group>"; };
		290E03921BE4FECB00E544B7 /* Assets.xcassets */ = {isa = PBXFileReference; lastKnownFileType = folder.assetcatalog; path = Assets.xcassets; sourceTree = "<group>"; };
		290E03951BE4FECB00E544B7 /* Base */ = {isa = PBXFileReference; lastKnownFileType = file.storyboard; name = Base; path = Base.lproj/LaunchScreen.storyboard; sourceTree = "<group>"; };
		290E03971BE4FECB00E544B7 /* Info.plist */ = {isa = PBXFileReference; lastKnownFileType = text.plist.xml; path = Info.plist; sourceTree = "<group>"; };
		290E039C1BE4FECB00E544B7 /* CodeOwlAppTests.xctest */ = {isa = PBXFileReference; explicitFileType = wrapper.cfbundle; includeInIndex = 0; path = CodeOwlAppTests.xctest; sourceTree = BUILT_PRODUCTS_DIR; };
		290E03A01BE4FECC00E544B7 /* CodeOwlAppTests.m */ = {isa = PBXFileReference; lastKnownFileType = sourcecode.c.objc; path = CodeOwlAppTests.m; sourceTree = "<group>"; };
		290E03A21BE4FECC00E544B7 /* Info.plist */ = {isa = PBXFileReference; lastKnownFileType = text.plist.xml; path = Info.plist; sourceTree = "<group>"; };
		290E03A71BE4FECC00E544B7 /* CodeOwlAppUITests.xctest */ = {isa = PBXFileReference; explicitFileType = wrapper.cfbundle; includeInIndex = 0; path = CodeOwlAppUITests.xctest; sourceTree = BUILT_PRODUCTS_DIR; };
		290E03AB1BE4FECC00E544B7 /* CodeOwlAppUITests.m */ = {isa = PBXFileReference; lastKnownFileType = sourcecode.c.objc; path = CodeOwlAppUITests.m; sourceTree = "<group>"; };
		290E03AD1BE4FECC00E544B7 /* Info.plist */ = {isa = PBXFileReference; lastKnownFileType = text.plist.xml; path = Info.plist; sourceTree = "<group>"; };
		290E03B91BE506DA00E544B7 /* COLoginViewController.h */ = {isa = PBXFileReference; fileEncoding = 4; lastKnownFileType = sourcecode.c.h; path = COLoginViewController.h; sourceTree = "<group>"; };
		290E03BA1BE506DA00E544B7 /* COLoginViewController.m */ = {isa = PBXFileReference; fileEncoding = 4; lastKnownFileType = sourcecode.c.objc; path = COLoginViewController.m; sourceTree = "<group>"; };
		290E03BC1BE506FD00E544B7 /* COMyProfileViewController.h */ = {isa = PBXFileReference; fileEncoding = 4; lastKnownFileType = sourcecode.c.h; path = COMyProfileViewController.h; sourceTree = "<group>"; };
		290E03BD1BE506FD00E544B7 /* COMyProfileViewController.m */ = {isa = PBXFileReference; fileEncoding = 4; lastKnownFileType = sourcecode.c.objc; path = COMyProfileViewController.m; sourceTree = "<group>"; };
		290E03BF1BE5070F00E544B7 /* COProfileSettingsViewController.h */ = {isa = PBXFileReference; fileEncoding = 4; lastKnownFileType = sourcecode.c.h; path = COProfileSettingsViewController.h; sourceTree = "<group>"; };
		290E03C01BE5070F00E544B7 /* COProfileSettingsViewController.m */ = {isa = PBXFileReference; fileEncoding = 4; lastKnownFileType = sourcecode.c.objc; path = COProfileSettingsViewController.m; sourceTree = "<group>"; };
		290E03C21BE5076A00E544B7 /* COMapViewController.h */ = {isa = PBXFileReference; fileEncoding = 4; lastKnownFileType = sourcecode.c.h; path = COMapViewController.h; sourceTree = "<group>"; };
		290E03C31BE5076A00E544B7 /* COMapViewController.m */ = {isa = PBXFileReference; fileEncoding = 4; lastKnownFileType = sourcecode.c.objc; path = COMapViewController.m; sourceTree = "<group>"; };
		290E03C51BE5078F00E544B7 /* COOtherUserProfileViewController.h */ = {isa = PBXFileReference; fileEncoding = 4; lastKnownFileType = sourcecode.c.h; path = COOtherUserProfileViewController.h; sourceTree = "<group>"; };
		290E03C61BE5078F00E544B7 /* COOtherUserProfileViewController.m */ = {isa = PBXFileReference; fileEncoding = 4; lastKnownFileType = sourcecode.c.objc; path = COOtherUserProfileViewController.m; sourceTree = "<group>"; };
		290E03C81BE507D000E544B7 /* COAllMessagesTableViewController.h */ = {isa = PBXFileReference; fileEncoding = 4; lastKnownFileType = sourcecode.c.h; path = COAllMessagesTableViewController.h; sourceTree = "<group>"; };
		290E03C91BE507D000E544B7 /* COAllMessagesTableViewController.m */ = {isa = PBXFileReference; fileEncoding = 4; lastKnownFileType = sourcecode.c.objc; path = COAllMessagesTableViewController.m; sourceTree = "<group>"; };
		290E03CB1BE507F200E544B7 /* COChatViewController.h */ = {isa = PBXFileReference; fileEncoding = 4; lastKnownFileType = sourcecode.c.h; path = COChatViewController.h; sourceTree = "<group>"; };
		290E03CC1BE507F200E544B7 /* COChatViewController.m */ = {isa = PBXFileReference; fileEncoding = 4; lastKnownFileType = sourcecode.c.objc; path = COChatViewController.m; sourceTree = "<group>"; };
		290E03CE1BE5166B00E544B7 /* COUser.h */ = {isa = PBXFileReference; fileEncoding = 4; lastKnownFileType = sourcecode.c.h; path = COUser.h; sourceTree = "<group>"; };
		290E03CF1BE5166B00E544B7 /* COUser.m */ = {isa = PBXFileReference; fileEncoding = 4; lastKnownFileType = sourcecode.c.objc; path = COUser.m; sourceTree = "<group>"; };
		292281FE1BE5AD8800658C97 /* COTabBarController.h */ = {isa = PBXFileReference; fileEncoding = 4; lastKnownFileType = sourcecode.c.h; path = COTabBarController.h; sourceTree = "<group>"; };
		292281FF1BE5AD8800658C97 /* COTabBarController.m */ = {isa = PBXFileReference; fileEncoding = 4; lastKnownFileType = sourcecode.c.objc; path = COTabBarController.m; sourceTree = "<group>"; };
		4AA9A5E4A540DCF6335AEC7F /* Pods.debug.xcconfig */ = {isa = PBXFileReference; includeInIndex = 1; lastKnownFileType = text.xcconfig; name = Pods.debug.xcconfig; path = "Pods/Target Support Files/Pods/Pods.debug.xcconfig"; sourceTree = "<group>"; };
		B8015C29ED97DB7AE2CEEB84 /* Pods.release.xcconfig */ = {isa = PBXFileReference; includeInIndex = 1; lastKnownFileType = text.xcconfig; name = Pods.release.xcconfig; path = "Pods/Target Support Files/Pods/Pods.release.xcconfig"; sourceTree = "<group>"; };
		D733C1BAFEF69C98B4B55512 /* libPods.a */ = {isa = PBXFileReference; explicitFileType = archive.ar; includeInIndex = 0; path = libPods.a; sourceTree = BUILT_PRODUCTS_DIR; };
/* End PBXFileReference section */

/* Begin PBXFrameworksBuildPhase section */
		290E03801BE4FECB00E544B7 /* Frameworks */ = {
			isa = PBXFrameworksBuildPhase;
			buildActionMask = 2147483647;
			files = (
				00D9FDF31BE512600099E247 /* CoreLocation.framework in Frameworks */,
				00D9FDF11BE512360099E247 /* MapKit.framework in Frameworks */,
				7D6928B7F56D450BC9E41A3E /* libPods.a in Frameworks */,
			);
			runOnlyForDeploymentPostprocessing = 0;
		};
		290E03991BE4FECB00E544B7 /* Frameworks */ = {
			isa = PBXFrameworksBuildPhase;
			buildActionMask = 2147483647;
			files = (
			);
			runOnlyForDeploymentPostprocessing = 0;
		};
		290E03A41BE4FECC00E544B7 /* Frameworks */ = {
			isa = PBXFrameworksBuildPhase;
			buildActionMask = 2147483647;
			files = (
			);
			runOnlyForDeploymentPostprocessing = 0;
		};
/* End PBXFrameworksBuildPhase section */

/* Begin PBXGroup section */
		290E037A1BE4FECB00E544B7 = {
			isa = PBXGroup;
			children = (
				290E03851BE4FECB00E544B7 /* CodeOwlApp */,
				290E039F1BE4FECC00E544B7 /* CodeOwlAppTests */,
				290E03AA1BE4FECC00E544B7 /* CodeOwlAppUITests */,
				290E03841BE4FECB00E544B7 /* Products */,
				964A680C775CA2770AE579B6 /* Pods */,
				D8DF0F27CC0162E741D38EE1 /* Frameworks */,
			);
			sourceTree = "<group>";
		};
		290E03841BE4FECB00E544B7 /* Products */ = {
			isa = PBXGroup;
			children = (
				290E03831BE4FECB00E544B7 /* CodeOwlApp.app */,
				290E039C1BE4FECB00E544B7 /* CodeOwlAppTests.xctest */,
				290E03A71BE4FECC00E544B7 /* CodeOwlAppUITests.xctest */,
			);
			name = Products;
			sourceTree = "<group>";
		};
		290E03851BE4FECB00E544B7 /* CodeOwlApp */ = {
			isa = PBXGroup;
			children = (
				290E038F1BE4FECB00E544B7 /* Main.storyboard */,
				290E03891BE4FECB00E544B7 /* AppDelegate.h */,
				290E038A1BE4FECB00E544B7 /* AppDelegate.m */,
				29F8A1341C8238D80004C16C /* Model */,
				292281FE1BE5AD8800658C97 /* COTabBarController.h */,
				292281FF1BE5AD8800658C97 /* COTabBarController.m */,
				29F8A1381C8239390004C16C /* Login View Controller */,
				29F8A1371C8239210004C16C /* Maps View Controller */,
				29F8A1361C8239160004C16C /* Messenger View Controllers */,
				29F8A1351C8238FE0004C16C /* Profile & Settings View Controllers */,
				290E03921BE4FECB00E544B7 /* Assets.xcassets */,
				290E03941BE4FECB00E544B7 /* LaunchScreen.storyboard */,
				290E03971BE4FECB00E544B7 /* Info.plist */,
				290E03861BE4FECB00E544B7 /* Supporting Files */,
			);
			path = CodeOwlApp;
			sourceTree = "<group>";
		};
		290E03861BE4FECB00E544B7 /* Supporting Files */ = {
			isa = PBXGroup;
			children = (
				290E03871BE4FECB00E544B7 /* main.m */,
			);
			name = "Supporting Files";
			sourceTree = "<group>";
		};
		290E039F1BE4FECC00E544B7 /* CodeOwlAppTests */ = {
			isa = PBXGroup;
			children = (
				290E03A01BE4FECC00E544B7 /* CodeOwlAppTests.m */,
				290E03A21BE4FECC00E544B7 /* Info.plist */,
			);
			path = CodeOwlAppTests;
			sourceTree = "<group>";
		};
		290E03AA1BE4FECC00E544B7 /* CodeOwlAppUITests */ = {
			isa = PBXGroup;
			children = (
				290E03AB1BE4FECC00E544B7 /* CodeOwlAppUITests.m */,
				290E03AD1BE4FECC00E544B7 /* Info.plist */,
			);
			path = CodeOwlAppUITests;
			sourceTree = "<group>";
		};
		29F8A1341C8238D80004C16C /* Model */ = {
			isa = PBXGroup;
			children = (
				290E03CE1BE5166B00E544B7 /* COUser.h */,
				290E03CF1BE5166B00E544B7 /* COUser.m */,
			);
			name = Model;
			sourceTree = "<group>";
		};
		29F8A1351C8238FE0004C16C /* Profile & Settings View Controllers */ = {
			isa = PBXGroup;
			children = (
				290E03BC1BE506FD00E544B7 /* COMyProfileViewController.h */,
				290E03BD1BE506FD00E544B7 /* COMyProfileViewController.m */,
				290E03C51BE5078F00E544B7 /* COOtherUserProfileViewController.h */,
				290E03C61BE5078F00E544B7 /* COOtherUserProfileViewController.m */,
				290E03BF1BE5070F00E544B7 /* COProfileSettingsViewController.h */,
				290E03C01BE5070F00E544B7 /* COProfileSettingsViewController.m */,
			);
			name = "Profile & Settings View Controllers";
			sourceTree = "<group>";
		};
		29F8A1361C8239160004C16C /* Messenger View Controllers */ = {
			isa = PBXGroup;
			children = (
				290E03C81BE507D000E544B7 /* COAllMessagesTableViewController.h */,
				290E03C91BE507D000E544B7 /* COAllMessagesTableViewController.m */,
				290E03CB1BE507F200E544B7 /* COChatViewController.h */,
				290E03CC1BE507F200E544B7 /* COChatViewController.m */,
			);
			name = "Messenger View Controllers";
			sourceTree = "<group>";
		};
		29F8A1371C8239210004C16C /* Maps View Controller */ = {
			isa = PBXGroup;
			children = (
				290E03C21BE5076A00E544B7 /* COMapViewController.h */,
				290E03C31BE5076A00E544B7 /* COMapViewController.m */,
			);
			name = "Maps View Controller";
			sourceTree = "<group>";
		};
		29F8A1381C8239390004C16C /* Login View Controller */ = {
			isa = PBXGroup;
			children = (
				290E03B91BE506DA00E544B7 /* COLoginViewController.h */,
				290E03BA1BE506DA00E544B7 /* COLoginViewController.m */,
			);
			name = "Login View Controller";
			sourceTree = "<group>";
		};
		964A680C775CA2770AE579B6 /* Pods */ = {
			isa = PBXGroup;
			children = (
				4AA9A5E4A540DCF6335AEC7F /* Pods.debug.xcconfig */,
				B8015C29ED97DB7AE2CEEB84 /* Pods.release.xcconfig */,
			);
			name = Pods;
			sourceTree = "<group>";
		};
		D8DF0F27CC0162E741D38EE1 /* Frameworks */ = {
			isa = PBXGroup;
			children = (
				00D9FDF21BE512600099E247 /* CoreLocation.framework */,
				00D9FDF01BE512360099E247 /* MapKit.framework */,
				D733C1BAFEF69C98B4B55512 /* libPods.a */,
			);
			name = Frameworks;
			sourceTree = "<group>";
		};
/* End PBXGroup section */

/* Begin PBXNativeTarget section */
		290E03821BE4FECB00E544B7 /* CodeOwlApp */ = {
			isa = PBXNativeTarget;
			buildConfigurationList = 290E03B01BE4FECC00E544B7 /* Build configuration list for PBXNativeTarget "CodeOwlApp" */;
			buildPhases = (
				BB60E5E68FC1BA4FA4128FC6 /* Check Pods Manifest.lock */,
				290E037F1BE4FECB00E544B7 /* Sources */,
				290E03801BE4FECB00E544B7 /* Frameworks */,
				290E03811BE4FECB00E544B7 /* Resources */,
				2C07DF94B2F532B0BAB75EF2 /* Embed Pods Frameworks */,
				A63F853EC4FCC27867475B82 /* Copy Pods Resources */,
			);
			buildRules = (
			);
			dependencies = (
			);
			name = CodeOwlApp;
			productName = CodeOwlApp;
			productReference = 290E03831BE4FECB00E544B7 /* CodeOwlApp.app */;
			productType = "com.apple.product-type.application";
		};
		290E039B1BE4FECB00E544B7 /* CodeOwlAppTests */ = {
			isa = PBXNativeTarget;
			buildConfigurationList = 290E03B31BE4FECC00E544B7 /* Build configuration list for PBXNativeTarget "CodeOwlAppTests" */;
			buildPhases = (
				290E03981BE4FECB00E544B7 /* Sources */,
				290E03991BE4FECB00E544B7 /* Frameworks */,
				290E039A1BE4FECB00E544B7 /* Resources */,
			);
			buildRules = (
			);
			dependencies = (
				290E039E1BE4FECB00E544B7 /* PBXTargetDependency */,
			);
			name = CodeOwlAppTests;
			productName = CodeOwlAppTests;
			productReference = 290E039C1BE4FECB00E544B7 /* CodeOwlAppTests.xctest */;
			productType = "com.apple.product-type.bundle.unit-test";
		};
		290E03A61BE4FECC00E544B7 /* CodeOwlAppUITests */ = {
			isa = PBXNativeTarget;
			buildConfigurationList = 290E03B61BE4FECC00E544B7 /* Build configuration list for PBXNativeTarget "CodeOwlAppUITests" */;
			buildPhases = (
				290E03A31BE4FECC00E544B7 /* Sources */,
				290E03A41BE4FECC00E544B7 /* Frameworks */,
				290E03A51BE4FECC00E544B7 /* Resources */,
			);
			buildRules = (
			);
			dependencies = (
				290E03A91BE4FECC00E544B7 /* PBXTargetDependency */,
			);
			name = CodeOwlAppUITests;
			productName = CodeOwlAppUITests;
			productReference = 290E03A71BE4FECC00E544B7 /* CodeOwlAppUITests.xctest */;
			productType = "com.apple.product-type.bundle.ui-testing";
		};
/* End PBXNativeTarget section */

/* Begin PBXProject section */
		290E037B1BE4FECB00E544B7 /* Project object */ = {
			isa = PBXProject;
			attributes = {
				LastUpgradeCheck = 0700;
				ORGANIZATIONNAME = "Ayuna Vogel";
				TargetAttributes = {
					290E03821BE4FECB00E544B7 = {
						CreatedOnToolsVersion = 7.0.1;
						DevelopmentTeam = N48NM3R37Q;
					};
					290E039B1BE4FECB00E544B7 = {
						CreatedOnToolsVersion = 7.0.1;
						DevelopmentTeam = N48NM3R37Q;
						TestTargetID = 290E03821BE4FECB00E544B7;
					};
					290E03A61BE4FECC00E544B7 = {
						CreatedOnToolsVersion = 7.0.1;
						DevelopmentTeam = N48NM3R37Q;
						TestTargetID = 290E03821BE4FECB00E544B7;
					};
				};
			};
			buildConfigurationList = 290E037E1BE4FECB00E544B7 /* Build configuration list for PBXProject "CodeOwlApp" */;
			compatibilityVersion = "Xcode 3.2";
			developmentRegion = English;
			hasScannedForEncodings = 0;
			knownRegions = (
				en,
				Base,
			);
			mainGroup = 290E037A1BE4FECB00E544B7;
			productRefGroup = 290E03841BE4FECB00E544B7 /* Products */;
			projectDirPath = "";
			projectRoot = "";
			targets = (
				290E03821BE4FECB00E544B7 /* CodeOwlApp */,
				290E039B1BE4FECB00E544B7 /* CodeOwlAppTests */,
				290E03A61BE4FECC00E544B7 /* CodeOwlAppUITests */,
			);
		};
/* End PBXProject section */

/* Begin PBXResourcesBuildPhase section */
		290E03811BE4FECB00E544B7 /* Resources */ = {
			isa = PBXResourcesBuildPhase;
			buildActionMask = 2147483647;
			files = (
				290E03961BE4FECB00E544B7 /* LaunchScreen.storyboard in Resources */,
				290E03931BE4FECB00E544B7 /* Assets.xcassets in Resources */,
				290E03911BE4FECB00E544B7 /* Main.storyboard in Resources */,
			);
			runOnlyForDeploymentPostprocessing = 0;
		};
		290E039A1BE4FECB00E544B7 /* Resources */ = {
			isa = PBXResourcesBuildPhase;
			buildActionMask = 2147483647;
			files = (
			);
			runOnlyForDeploymentPostprocessing = 0;
		};
		290E03A51BE4FECC00E544B7 /* Resources */ = {
			isa = PBXResourcesBuildPhase;
			buildActionMask = 2147483647;
			files = (
			);
			runOnlyForDeploymentPostprocessing = 0;
		};
/* End PBXResourcesBuildPhase section */

/* Begin PBXShellScriptBuildPhase section */
		2C07DF94B2F532B0BAB75EF2 /* Embed Pods Frameworks */ = {
			isa = PBXShellScriptBuildPhase;
			buildActionMask = 2147483647;
			files = (
			);
			inputPaths = (
			);
			name = "Embed Pods Frameworks";
			outputPaths = (
			);
			runOnlyForDeploymentPostprocessing = 0;
			shellPath = /bin/sh;
			shellScript = "\"${SRCROOT}/Pods/Target Support Files/Pods/Pods-frameworks.sh\"\n";
			showEnvVarsInLog = 0;
		};
		A63F853EC4FCC27867475B82 /* Copy Pods Resources */ = {
			isa = PBXShellScriptBuildPhase;
			buildActionMask = 2147483647;
			files = (
			);
			inputPaths = (
			);
			name = "Copy Pods Resources";
			outputPaths = (
			);
			runOnlyForDeploymentPostprocessing = 0;
			shellPath = /bin/sh;
			shellScript = "\"${SRCROOT}/Pods/Target Support Files/Pods/Pods-resources.sh\"\n";
			showEnvVarsInLog = 0;
		};
		BB60E5E68FC1BA4FA4128FC6 /* Check Pods Manifest.lock */ = {
			isa = PBXShellScriptBuildPhase;
			buildActionMask = 2147483647;
			files = (
			);
			inputPaths = (
			);
			name = "Check Pods Manifest.lock";
			outputPaths = (
			);
			runOnlyForDeploymentPostprocessing = 0;
			shellPath = /bin/sh;
			shellScript = "diff \"${PODS_ROOT}/../Podfile.lock\" \"${PODS_ROOT}/Manifest.lock\" > /dev/null\nif [[ $? != 0 ]] ; then\n    cat << EOM\nerror: The sandbox is not in sync with the Podfile.lock. Run 'pod install' or update your CocoaPods installation.\nEOM\n    exit 1\nfi\n";
			showEnvVarsInLog = 0;
		};
/* End PBXShellScriptBuildPhase section */

/* Begin PBXSourcesBuildPhase section */
		290E037F1BE4FECB00E544B7 /* Sources */ = {
			isa = PBXSourcesBuildPhase;
			buildActionMask = 2147483647;
			files = (
				290E03CD1BE507F200E544B7 /* COChatViewController.m in Sources */,
				290E038B1BE4FECB00E544B7 /* AppDelegate.m in Sources */,
				290E03C11BE5070F00E544B7 /* COProfileSettingsViewController.m in Sources */,
				290E03BB1BE506DA00E544B7 /* COLoginViewController.m in Sources */,
				290E03D01BE5166B00E544B7 /* COUser.m in Sources */,
				292282001BE5AD8800658C97 /* COTabBarController.m in Sources */,
				290E03CA1BE507D000E544B7 /* COAllMessagesTableViewController.m in Sources */,
				290E03C41BE5076A00E544B7 /* COMapViewController.m in Sources */,
				290E03BE1BE506FD00E544B7 /* COMyProfileViewController.m in Sources */,
				290E03881BE4FECB00E544B7 /* main.m in Sources */,
				290E03C71BE5078F00E544B7 /* COOtherUserProfileViewController.m in Sources */,
			);
			runOnlyForDeploymentPostprocessing = 0;
		};
		290E03981BE4FECB00E544B7 /* Sources */ = {
			isa = PBXSourcesBuildPhase;
			buildActionMask = 2147483647;
			files = (
				290E03A11BE4FECC00E544B7 /* CodeOwlAppTests.m in Sources */,
			);
			runOnlyForDeploymentPostprocessing = 0;
		};
		290E03A31BE4FECC00E544B7 /* Sources */ = {
			isa = PBXSourcesBuildPhase;
			buildActionMask = 2147483647;
			files = (
				290E03AC1BE4FECC00E544B7 /* CodeOwlAppUITests.m in Sources */,
			);
			runOnlyForDeploymentPostprocessing = 0;
		};
/* End PBXSourcesBuildPhase section */

/* Begin PBXTargetDependency section */
		290E039E1BE4FECB00E544B7 /* PBXTargetDependency */ = {
			isa = PBXTargetDependency;
			target = 290E03821BE4FECB00E544B7 /* CodeOwlApp */;
			targetProxy = 290E039D1BE4FECB00E544B7 /* PBXContainerItemProxy */;
		};
		290E03A91BE4FECC00E544B7 /* PBXTargetDependency */ = {
			isa = PBXTargetDependency;
			target = 290E03821BE4FECB00E544B7 /* CodeOwlApp */;
			targetProxy = 290E03A81BE4FECC00E544B7 /* PBXContainerItemProxy */;
		};
/* End PBXTargetDependency section */

/* Begin PBXVariantGroup section */
		290E038F1BE4FECB00E544B7 /* Main.storyboard */ = {
			isa = PBXVariantGroup;
			children = (
				290E03901BE4FECB00E544B7 /* Base */,
			);
			name = Main.storyboard;
			sourceTree = "<group>";
		};
		290E03941BE4FECB00E544B7 /* LaunchScreen.storyboard */ = {
			isa = PBXVariantGroup;
			children = (
				290E03951BE4FECB00E544B7 /* Base */,
			);
			name = LaunchScreen.storyboard;
			sourceTree = "<group>";
		};
/* End PBXVariantGroup section */

/* Begin XCBuildConfiguration section */
		290E03AE1BE4FECC00E544B7 /* Debug */ = {
			isa = XCBuildConfiguration;
			buildSettings = {
				ALWAYS_SEARCH_USER_PATHS = NO;
				CLANG_CXX_LANGUAGE_STANDARD = "gnu++0x";
				CLANG_CXX_LIBRARY = "libc++";
				CLANG_ENABLE_MODULES = YES;
				CLANG_ENABLE_OBJC_ARC = YES;
				CLANG_WARN_BOOL_CONVERSION = YES;
				CLANG_WARN_CONSTANT_CONVERSION = YES;
				CLANG_WARN_DIRECT_OBJC_ISA_USAGE = YES_ERROR;
				CLANG_WARN_EMPTY_BODY = YES;
				CLANG_WARN_ENUM_CONVERSION = YES;
				CLANG_WARN_INT_CONVERSION = YES;
				CLANG_WARN_OBJC_ROOT_CLASS = YES_ERROR;
				CLANG_WARN_UNREACHABLE_CODE = YES;
				CLANG_WARN__DUPLICATE_METHOD_MATCH = YES;
				"CODE_SIGN_IDENTITY[sdk=iphoneos*]" = "iPhone Developer";
				COPY_PHASE_STRIP = NO;
				DEBUG_INFORMATION_FORMAT = dwarf;
				ENABLE_STRICT_OBJC_MSGSEND = YES;
				ENABLE_TESTABILITY = YES;
				GCC_C_LANGUAGE_STANDARD = gnu99;
				GCC_DYNAMIC_NO_PIC = NO;
				GCC_NO_COMMON_BLOCKS = YES;
				GCC_OPTIMIZATION_LEVEL = 0;
				GCC_PREPROCESSOR_DEFINITIONS = (
					"DEBUG=1",
					"$(inherited)",
				);
				GCC_WARN_64_TO_32_BIT_CONVERSION = YES;
				GCC_WARN_ABOUT_RETURN_TYPE = YES_ERROR;
				GCC_WARN_UNDECLARED_SELECTOR = YES;
				GCC_WARN_UNINITIALIZED_AUTOS = YES_AGGRESSIVE;
				GCC_WARN_UNUSED_FUNCTION = YES;
				GCC_WARN_UNUSED_VARIABLE = YES;
				IPHONEOS_DEPLOYMENT_TARGET = 9.0;
				MTL_ENABLE_DEBUG_INFO = YES;
				ONLY_ACTIVE_ARCH = YES;
				SDKROOT = iphoneos;
			};
			name = Debug;
		};
		290E03AF1BE4FECC00E544B7 /* Release */ = {
			isa = XCBuildConfiguration;
			buildSettings = {
				ALWAYS_SEARCH_USER_PATHS = NO;
				CLANG_CXX_LANGUAGE_STANDARD = "gnu++0x";
				CLANG_CXX_LIBRARY = "libc++";
				CLANG_ENABLE_MODULES = YES;
				CLANG_ENABLE_OBJC_ARC = YES;
				CLANG_WARN_BOOL_CONVERSION = YES;
				CLANG_WARN_CONSTANT_CONVERSION = YES;
				CLANG_WARN_DIRECT_OBJC_ISA_USAGE = YES_ERROR;
				CLANG_WARN_EMPTY_BODY = YES;
				CLANG_WARN_ENUM_CONVERSION = YES;
				CLANG_WARN_INT_CONVERSION = YES;
				CLANG_WARN_OBJC_ROOT_CLASS = YES_ERROR;
				CLANG_WARN_UNREACHABLE_CODE = YES;
				CLANG_WARN__DUPLICATE_METHOD_MATCH = YES;
				"CODE_SIGN_IDENTITY[sdk=iphoneos*]" = "iPhone Developer";
				COPY_PHASE_STRIP = NO;
				DEBUG_INFORMATION_FORMAT = "dwarf-with-dsym";
				ENABLE_NS_ASSERTIONS = NO;
				ENABLE_STRICT_OBJC_MSGSEND = YES;
				GCC_C_LANGUAGE_STANDARD = gnu99;
				GCC_NO_COMMON_BLOCKS = YES;
				GCC_WARN_64_TO_32_BIT_CONVERSION = YES;
				GCC_WARN_ABOUT_RETURN_TYPE = YES_ERROR;
				GCC_WARN_UNDECLARED_SELECTOR = YES;
				GCC_WARN_UNINITIALIZED_AUTOS = YES_AGGRESSIVE;
				GCC_WARN_UNUSED_FUNCTION = YES;
				GCC_WARN_UNUSED_VARIABLE = YES;
				IPHONEOS_DEPLOYMENT_TARGET = 9.0;
				MTL_ENABLE_DEBUG_INFO = NO;
				SDKROOT = iphoneos;
				VALIDATE_PRODUCT = YES;
			};
			name = Release;
		};
		290E03B11BE4FECC00E544B7 /* Debug */ = {
			isa = XCBuildConfiguration;
			baseConfigurationReference = 4AA9A5E4A540DCF6335AEC7F /* Pods.debug.xcconfig */;
			buildSettings = {
				ASSETCATALOG_COMPILER_APPICON_NAME = AppIcon;
				CODE_SIGN_IDENTITY = "iPhone Developer";
				"CODE_SIGN_IDENTITY[sdk=iphoneos*]" = "iPhone Developer";
				INFOPLIST_FILE = CodeOwlApp/Info.plist;
				LD_RUNPATH_SEARCH_PATHS = "$(inherited) @executable_path/Frameworks";
				PRODUCT_BUNDLE_IDENTIFIER = com.ayunavogel.CodeOwlApp;
				PRODUCT_NAME = "$(TARGET_NAME)";
				PROVISIONING_PROFILE = "";
			};
			name = Debug;
		};
		290E03B21BE4FECC00E544B7 /* Release */ = {
			isa = XCBuildConfiguration;
			baseConfigurationReference = B8015C29ED97DB7AE2CEEB84 /* Pods.release.xcconfig */;
			buildSettings = {
				ASSETCATALOG_COMPILER_APPICON_NAME = AppIcon;
				CODE_SIGN_IDENTITY = "iPhone Developer";
				"CODE_SIGN_IDENTITY[sdk=iphoneos*]" = "iPhone Developer";
				INFOPLIST_FILE = CodeOwlApp/Info.plist;
				LD_RUNPATH_SEARCH_PATHS = "$(inherited) @executable_path/Frameworks";
				PRODUCT_BUNDLE_IDENTIFIER = com.ayunavogel.CodeOwlApp;
				PRODUCT_NAME = "$(TARGET_NAME)";
				PROVISIONING_PROFILE = "";
			};
			name = Release;
		};
		290E03B41BE4FECC00E544B7 /* Debug */ = {
			isa = XCBuildConfiguration;
			buildSettings = {
				BUNDLE_LOADER = "$(TEST_HOST)";
				INFOPLIST_FILE = CodeOwlAppTests/Info.plist;
				LD_RUNPATH_SEARCH_PATHS = "$(inherited) @executable_path/Frameworks @loader_path/Frameworks";
				PRODUCT_BUNDLE_IDENTIFIER = com.ayunavogel.CodeOwlAppTests;
				PRODUCT_NAME = "$(TARGET_NAME)";
				TEST_HOST = "$(BUILT_PRODUCTS_DIR)/CodeOwlApp.app/CodeOwlApp";
			};
			name = Debug;
		};
		290E03B51BE4FECC00E544B7 /* Release */ = {
			isa = XCBuildConfiguration;
			buildSettings = {
				BUNDLE_LOADER = "$(TEST_HOST)";
				INFOPLIST_FILE = CodeOwlAppTests/Info.plist;
				LD_RUNPATH_SEARCH_PATHS = "$(inherited) @executable_path/Frameworks @loader_path/Frameworks";
				PRODUCT_BUNDLE_IDENTIFIER = com.ayunavogel.CodeOwlAppTests;
				PRODUCT_NAME = "$(TARGET_NAME)";
				TEST_HOST = "$(BUILT_PRODUCTS_DIR)/CodeOwlApp.app/CodeOwlApp";
			};
			name = Release;
		};
		290E03B71BE4FECC00E544B7 /* Debug */ = {
			isa = XCBuildConfiguration;
			buildSettings = {
				INFOPLIST_FILE = CodeOwlAppUITests/Info.plist;
				LD_RUNPATH_SEARCH_PATHS = "$(inherited) @executable_path/Frameworks @loader_path/Frameworks";
				PRODUCT_BUNDLE_IDENTIFIER = com.ayunavogel.CodeOwlAppUITests;
				PRODUCT_NAME = "$(TARGET_NAME)";
				TEST_TARGET_NAME = CodeOwlApp;
				USES_XCTRUNNER = YES;
			};
			name = Debug;
		};
		290E03B81BE4FECC00E544B7 /* Release */ = {
			isa = XCBuildConfiguration;
			buildSettings = {
				INFOPLIST_FILE = CodeOwlAppUITests/Info.plist;
				LD_RUNPATH_SEARCH_PATHS = "$(inherited) @executable_path/Frameworks @loader_path/Frameworks";
				PRODUCT_BUNDLE_IDENTIFIER = com.ayunavogel.CodeOwlAppUITests;
				PRODUCT_NAME = "$(TARGET_NAME)";
				TEST_TARGET_NAME = CodeOwlApp;
				USES_XCTRUNNER = YES;
			};
			name = Release;
		};
/* End XCBuildConfiguration section */

/* Begin XCConfigurationList section */
		290E037E1BE4FECB00E544B7 /* Build configuration list for PBXProject "CodeOwlApp" */ = {
			isa = XCConfigurationList;
			buildConfigurations = (
				290E03AE1BE4FECC00E544B7 /* Debug */,
				290E03AF1BE4FECC00E544B7 /* Release */,
			);
			defaultConfigurationIsVisible = 0;
			defaultConfigurationName = Release;
		};
		290E03B01BE4FECC00E544B7 /* Build configuration list for PBXNativeTarget "CodeOwlApp" */ = {
			isa = XCConfigurationList;
			buildConfigurations = (
				290E03B11BE4FECC00E544B7 /* Debug */,
				290E03B21BE4FECC00E544B7 /* Release */,
			);
			defaultConfigurationIsVisible = 0;
			defaultConfigurationName = Release;
		};
		290E03B31BE4FECC00E544B7 /* Build configuration list for PBXNativeTarget "CodeOwlAppTests" */ = {
			isa = XCConfigurationList;
			buildConfigurations = (
				290E03B41BE4FECC00E544B7 /* Debug */,
				290E03B51BE4FECC00E544B7 /* Release */,
			);
			defaultConfigurationIsVisible = 0;
			defaultConfigurationName = Release;
		};
		290E03B61BE4FECC00E544B7 /* Build configuration list for PBXNativeTarget "CodeOwlAppUITests" */ = {
			isa = XCConfigurationList;
			buildConfigurations = (
				290E03B71BE4FECC00E544B7 /* Debug */,
				290E03B81BE4FECC00E544B7 /* Release */,
			);
			defaultConfigurationIsVisible = 0;
			defaultConfigurationName = Release;
		};
/* End XCConfigurationList section */
	};
	rootObject = 290E037B1BE4FECB00E544B7 /* Project object */;
}
